schema: '2.0'
stages:
  load_data:
    cmd: python src/load_data.py --config=params.yaml
    deps:
    - path: data_given/winequalityN.csv
      md5: be27b6f214fffe4c84f60b2036c292a8
      size: 390376
    - path: src/get_data.py
      md5: e1acb889c08a40b4b5fadce0ad11f7b6
      size: 658
    - path: src/load_data.py
      md5: 67cb2fe918a4829ffd0be0b421a537d3
      size: 648
    outs:
    - path: data/raw/winequalityN.csv
      md5: 254eff3840191f044179add0a83fd579
      size: 457324
  split_data:
    cmd: python src/split_data.py --config=params.yaml
    deps:
    - path: data/raw/winequalityN.csv
      md5: 254eff3840191f044179add0a83fd579
      size: 457324
    - path: src/split_data.py
      md5: d0b79a27bd3db7325015bcec9ce3f589
      size: 1070
    outs:
    - path: data/processed/test_winequality.csv
      md5: d00381ec357ca2a0f27f057ba7a1c329
      size: 85652
    - path: data/processed/train_winequality.csv
      md5: 875eeaafe0311c5808df16229ffc663d
      size: 342099
